
Microsoft Visual Studio Solution File, Format Version 12.00
# Visual Studio Version 17
VisualStudioVersion = 17.7.34221.43
MinimumVisualStudioVersion = 10.0.40219.1
Project("{6EC3EE1D-3C4E-46DD-8F32-0CC8E7565705}") = "Maysternya", "src\Maysternya\Maysternya.fsproj", "{F63A6B51-D08F-4503-AE19-905C861FBA31}"
EndProject
Project("{2150E333-8FDC-42A3-9474-1A3956D46DE8}") = "Solution Files", "Solution Files", "{13384B26-19D5-4EBB-A4FD-F96A46E445B1}"
	ProjectSection(SolutionItems) = preProject
		.gitattributes = .gitattributes
		.gitignore = .gitignore
		LICENSE.txt = LICENSE.txt
		README.md = README.md
	EndProjectSection
EndProject
Project("{F2A71F9B-5D33-465A-A702-920D77279786}") = "Maysternya.Tests", "tests\Maysternya.Tests\Maysternya.Tests.fsproj", "{462A032F-E37F-4ED5-BA6A-58EDE7669743}"
EndProject
Project("{FAE04EC0-301F-11D3-BF4B-00C04F79EFBC}") = "Maysternya.SiiUnit", "src\Maysternya.SiiUnit\Maysternya.SiiUnit.csproj", "{7428C140-FE9C-4C5C-876A-6BF538FDDAB3}"
EndProject
Project("{2150E333-8FDC-42A3-9474-1A3956D46DE8}") = ".github", ".github", "{C171D4F2-DDC4-4249-8F23-6D7867CD2C5A}"
EndProject
Project("{2150E333-8FDC-42A3-9474-1A3956D46DE8}") = "workflows", "workflows", "{D7891B61-3E24-4109-878D-9652779C929D}"
	ProjectSection(SolutionItems) = preProject
		.github\workflows\build.yml = .github\workflows\build.yml
	EndProjectSection
EndProject
Global
	GlobalSection(SolutionConfigurationPlatforms) = preSolution
		Debug|Any CPU = Debug|Any CPU
		Release|Any CPU = Release|Any CPU
	EndGlobalSection
	GlobalSection(ProjectConfigurationPlatforms) = postSolution
		{F63A6B51-D08F-4503-AE19-905C861FBA31}.Debug|Any CPU.ActiveCfg = Debug|Any CPU
		{F63A6B51-D08F-4503-AE19-905C861FBA31}.Debug|Any CPU.Build.0 = Debug|Any CPU
		{F63A6B51-D08F-4503-AE19-905C861FBA31}.Release|Any CPU.ActiveCfg = Release|Any CPU
		{F63A6B51-D08F-4503-AE19-905C861FBA31}.Release|Any CPU.Build.0 = Release|Any CPU
		{462A032F-E37F-4ED5-BA6A-58EDE7669743}.Debug|Any CPU.ActiveCfg = Debug|Any CPU
		{462A032F-E37F-4ED5-BA6A-58EDE7669743}.Debug|Any CPU.Build.0 = Debug|Any CPU
		{462A032F-E37F-4ED5-BA6A-58EDE7669743}.Release|Any CPU.ActiveCfg = Release|Any CPU
		{462A032F-E37F-4ED5-BA6A-58EDE7669743}.Release|Any CPU.Build.0 = Release|Any CPU
		{7428C140-FE9C-4C5C-876A-6BF538FDDAB3}.Debug|Any CPU.ActiveCfg = Debug|Any CPU
		{7428C140-FE9C-4C5C-876A-6BF538FDDAB3}.Debug|Any CPU.Build.0 = Debug|Any CPU
		{7428C140-FE9C-4C5C-876A-6BF538FDDAB3}.Release|Any CPU.ActiveCfg = Release|Any CPU
		{7428C140-FE9C-4C5C-876A-6BF538FDDAB3}.Release|Any CPU.Build.0 = Release|Any CPU
	EndGlobalSection
	GlobalSection(SolutionProperties) = preSolution
		HideSolutionNode = FALSE
	EndGlobalSection
	GlobalSection(ExtensibilityGlobals) = postSolution
		SolutionGuid = {B8BD6C1B-7E51-4275-B811-B76457B1C5A5}
	EndGlobalSection
	GlobalSection(NestedProjects) = preSolution
		{D7891B61-3E24-4109-878D-9652779C929D} = {C171D4F2-DDC4-4249-8F23-6D7867CD2C5A}
	EndGlobalSection
EndGlobal
